// !$*UTF8*$!
{
	archiveVersion = 1;
	classes = {
	};
	objectVersion = 56;
	objects = {

/* Begin PBXBuildFile section */
		0E1D2F392BF931EE00635EFE /* WeatherDailyApp.swift in Sources */ = {isa = PBXBuildFile; fileRef = 0E1D2F382BF931EE00635EFE /* WeatherDailyApp.swift */; };
		0E1D2F3B2BF931EE00635EFE /* ContentView.swift in Sources */ = {isa = PBXBuildFile; fileRef = 0E1D2F3A2BF931EE00635EFE /* ContentView.swift */; };
		0E1D2F3D2BF931F000635EFE /* Assets.xcassets in Resources */ = {isa = PBXBuildFile; fileRef = 0E1D2F3C2BF931F000635EFE /* Assets.xcassets */; };
		0E1D2F402BF931F000635EFE /* Preview Assets.xcassets in Resources */ = {isa = PBXBuildFile; fileRef = 0E1D2F3F2BF931F000635EFE /* Preview Assets.xcassets */; };
		0E1D2F4A2BF931F000635EFE /* WeatherDailyTests.swift in Sources */ = {isa = PBXBuildFile; fileRef = 0E1D2F492BF931F000635EFE /* WeatherDailyTests.swift */; };
		0E1D2F542BF931F000635EFE /* WeatherDailyUITests.swift in Sources */ = {isa = PBXBuildFile; fileRef = 0E1D2F532BF931F000635EFE /* WeatherDailyUITests.swift */; };
		0E1D2F562BF931F100635EFE /* WeatherDailyUITestsLaunchTests.swift in Sources */ = {isa = PBXBuildFile; fileRef = 0E1D2F552BF931F000635EFE /* WeatherDailyUITestsLaunchTests.swift */; };
		0E2407BF2BFB530D0038B211 /* HourlyCell .swift in Sources */ = {isa = PBXBuildFile; fileRef = 0E2407BE2BFB530D0038B211 /* HourlyCell .swift */; };
		0E2407C12BFB5CE30038B211 /* HourlyTable.swift in Sources */ = {isa = PBXBuildFile; fileRef = 0E2407C02BFB5CE30038B211 /* HourlyTable.swift */; };
		0E2407C32BFB68FF0038B211 /* DayDetailsView.swift in Sources */ = {isa = PBXBuildFile; fileRef = 0E2407C22BFB68FF0038B211 /* DayDetailsView.swift */; };
		0E26D08D2BF914A7007D16AB /* Weather.swift in Sources */ = {isa = PBXBuildFile; fileRef = 0E26D08C2BF914A7007D16AB /* Weather.swift */; };
		0E26D08F2BF914F8007D16AB /* Location.swift in Sources */ = {isa = PBXBuildFile; fileRef = 0E26D08E2BF914F8007D16AB /* Location.swift */; };
		0E26D0912BF915AA007D16AB /* Current.swift in Sources */ = {isa = PBXBuildFile; fileRef = 0E26D0902BF915AA007D16AB /* Current.swift */; };
		0E26D0932BF915DC007D16AB /* Condition.swift in Sources */ = {isa = PBXBuildFile; fileRef = 0E26D0922BF915DC007D16AB /* Condition.swift */; };
		0E26D0952BF91618007D16AB /* Forecast.swift in Sources */ = {isa = PBXBuildFile; fileRef = 0E26D0942BF91618007D16AB /* Forecast.swift */; };
		0E26D0972BF91642007D16AB /* ForecastDay.swift in Sources */ = {isa = PBXBuildFile; fileRef = 0E26D0962BF91642007D16AB /* ForecastDay.swift */; };
		0E26D0992BF916D0007D16AB /* Day.swift in Sources */ = {isa = PBXBuildFile; fileRef = 0E26D0982BF916D0007D16AB /* Day.swift */; };
		0E26D09D2BF91761007D16AB /* Hour.swift in Sources */ = {isa = PBXBuildFile; fileRef = 0E26D09C2BF91761007D16AB /* Hour.swift */; };
		0E6391612BFA53780020135E /* MyDateFormatter.swift in Sources */ = {isa = PBXBuildFile; fileRef = 0E6391602BFA53780020135E /* MyDateFormatter.swift */; };
		0E8C19522BFC2A780059E891 /* Reachability in Frameworks */ = {isa = PBXBuildFile; productRef = 0E8C19512BFC2A780059E891 /* Reachability */; };
		0ED32D912BF9460A009B0BAB /* ChakraPetch-SemiBold.ttf in Resources */ = {isa = PBXBuildFile; fileRef = 0ED32D8A2BF9460A009B0BAB /* ChakraPetch-SemiBold.ttf */; };
		0ED32D922BF9460A009B0BAB /* ChakraPetch-Light.ttf in Resources */ = {isa = PBXBuildFile; fileRef = 0ED32D8B2BF9460A009B0BAB /* ChakraPetch-Light.ttf */; };
		0ED32D942BF9460A009B0BAB /* ChakraPetch-Medium.ttf in Resources */ = {isa = PBXBuildFile; fileRef = 0ED32D8D2BF9460A009B0BAB /* ChakraPetch-Medium.ttf */; };
		0ED32D952BF9460A009B0BAB /* ChakraPetch-Bold.ttf in Resources */ = {isa = PBXBuildFile; fileRef = 0ED32D8E2BF9460A009B0BAB /* ChakraPetch-Bold.ttf */; };
		0ED32D962BF9460A009B0BAB /* ChakraPetch-Regular.ttf in Resources */ = {isa = PBXBuildFile; fileRef = 0ED32D8F2BF9460A009B0BAB /* ChakraPetch-Regular.ttf */; };
		0ED32D9A2BF946A0009B0BAB /* MyCustomText.swift in Sources */ = {isa = PBXBuildFile; fileRef = 0ED32D992BF946A0009B0BAB /* MyCustomText.swift */; };
		0ED32D9D2BF9472F009B0BAB /* NetworkManager.swift in Sources */ = {isa = PBXBuildFile; fileRef = 0ED32D9C2BF9472F009B0BAB /* NetworkManager.swift */; };
		0ED32D9F2BF94755009B0BAB /* URLManager.swift in Sources */ = {isa = PBXBuildFile; fileRef = 0ED32D9E2BF94755009B0BAB /* URLManager.swift */; };
		0ED32DA32BF949B7009B0BAB /* Kingfisher in Frameworks */ = {isa = PBXBuildFile; productRef = 0ED32DA22BF949B7009B0BAB /* Kingfisher */; };
		0ED32DA52BF94A30009B0BAB /* CurrentWeather.swift in Sources */ = {isa = PBXBuildFile; fileRef = 0ED32DA42BF94A30009B0BAB /* CurrentWeather.swift */; };
		0ED32DA72BF95B0A009B0BAB /* DayCell.swift in Sources */ = {isa = PBXBuildFile; fileRef = 0ED32DA62BF95B0A009B0BAB /* DayCell.swift */; };
		0ED32DA92BF95CAE009B0BAB /* ThreeDaysForecastTable.swift in Sources */ = {isa = PBXBuildFile; fileRef = 0ED32DA82BF95CAE009B0BAB /* ThreeDaysForecastTable.swift */; };
		0ED32DAB2BF96DA6009B0BAB /* GridItem.swift in Sources */ = {isa = PBXBuildFile; fileRef = 0ED32DAA2BF96DA6009B0BAB /* GridItem.swift */; };
		0ED32DAD2BF96E62009B0BAB /* GridView.swift in Sources */ = {isa = PBXBuildFile; fileRef = 0ED32DAC2BF96E62009B0BAB /* GridView.swift */; };
		0ED32DAF2BF9702D009B0BAB /* HomeView.swift in Sources */ = {isa = PBXBuildFile; fileRef = 0ED32DAE2BF9702D009B0BAB /* HomeView.swift */; };
		0ED32DB52BF97701009B0BAB /* HomeViewModel.swift in Sources */ = {isa = PBXBuildFile; fileRef = 0ED32DB42BF97701009B0BAB /* HomeViewModel.swift */; };
/* End PBXBuildFile section */

/* Begin PBXContainerItemProxy section */
		0E1D2F462BF931F000635EFE /* PBXContainerItemProxy */ = {
			isa = PBXContainerItemProxy;
			containerPortal = 0E1D2F2D2BF931EE00635EFE /* Project object */;
			proxyType = 1;
			remoteGlobalIDString = 0E1D2F342BF931EE00635EFE;
			remoteInfo = WeatherDaily;
		};
		0E1D2F502BF931F000635EFE /* PBXContainerItemProxy */ = {
			isa = PBXContainerItemProxy;
			containerPortal = 0E1D2F2D2BF931EE00635EFE /* Project object */;
			proxyType = 1;
			remoteGlobalIDString = 0E1D2F342BF931EE00635EFE;
			remoteInfo = WeatherDaily;
		};
/* End PBXContainerItemProxy section */

/* Begin PBXFileReference section */
		0E1D2F352BF931EE00635EFE /* WeatherDaily.app */ = {isa = PBXFileReference; explicitFileType = wrapper.application; includeInIndex = 0; path = WeatherDaily.app; sourceTree = BUILT_PRODUCTS_DIR; };
		0E1D2F382BF931EE00635EFE /* WeatherDailyApp.swift */ = {isa = PBXFileReference; lastKnownFileType = sourcecode.swift; path = WeatherDailyApp.swift; sourceTree = "<group>"; };
		0E1D2F3A2BF931EE00635EFE /* ContentView.swift */ = {isa = PBXFileReference; lastKnownFileType = sourcecode.swift; path = ContentView.swift; sourceTree = "<group>"; };
		0E1D2F3C2BF931F000635EFE /* Assets.xcassets */ = {isa = PBXFileReference; lastKnownFileType = folder.assetcatalog; path = Assets.xcassets; sourceTree = "<group>"; };
		0E1D2F3F2BF931F000635EFE /* Preview Assets.xcassets */ = {isa = PBXFileReference; lastKnownFileType = folder.assetcatalog; path = "Preview Assets.xcassets"; sourceTree = "<group>"; };
		0E1D2F452BF931F000635EFE /* WeatherDailyTests.xctest */ = {isa = PBXFileReference; explicitFileType = wrapper.cfbundle; includeInIndex = 0; path = WeatherDailyTests.xctest; sourceTree = BUILT_PRODUCTS_DIR; };
		0E1D2F492BF931F000635EFE /* WeatherDailyTests.swift */ = {isa = PBXFileReference; lastKnownFileType = sourcecode.swift; path = WeatherDailyTests.swift; sourceTree = "<group>"; };
		0E1D2F4F2BF931F000635EFE /* WeatherDailyUITests.xctest */ = {isa = PBXFileReference; explicitFileType = wrapper.cfbundle; includeInIndex = 0; path = WeatherDailyUITests.xctest; sourceTree = BUILT_PRODUCTS_DIR; };
		0E1D2F532BF931F000635EFE /* WeatherDailyUITests.swift */ = {isa = PBXFileReference; lastKnownFileType = sourcecode.swift; path = WeatherDailyUITests.swift; sourceTree = "<group>"; };
		0E1D2F552BF931F000635EFE /* WeatherDailyUITestsLaunchTests.swift */ = {isa = PBXFileReference; lastKnownFileType = sourcecode.swift; path = WeatherDailyUITestsLaunchTests.swift; sourceTree = "<group>"; };
		0E2407BE2BFB530D0038B211 /* HourlyCell .swift */ = {isa = PBXFileReference; lastKnownFileType = sourcecode.swift; path = "HourlyCell .swift"; sourceTree = "<group>"; };
		0E2407C02BFB5CE30038B211 /* HourlyTable.swift */ = {isa = PBXFileReference; lastKnownFileType = sourcecode.swift; path = HourlyTable.swift; sourceTree = "<group>"; };
		0E2407C22BFB68FF0038B211 /* DayDetailsView.swift */ = {isa = PBXFileReference; lastKnownFileType = sourcecode.swift; path = DayDetailsView.swift; sourceTree = "<group>"; };
		0E26D08C2BF914A7007D16AB /* Weather.swift */ = {isa = PBXFileReference; lastKnownFileType = sourcecode.swift; path = Weather.swift; sourceTree = "<group>"; };
		0E26D08E2BF914F8007D16AB /* Location.swift */ = {isa = PBXFileReference; lastKnownFileType = sourcecode.swift; path = Location.swift; sourceTree = "<group>"; };
		0E26D0902BF915AA007D16AB /* Current.swift */ = {isa = PBXFileReference; lastKnownFileType = sourcecode.swift; path = Current.swift; sourceTree = "<group>"; };
		0E26D0922BF915DC007D16AB /* Condition.swift */ = {isa = PBXFileReference; lastKnownFileType = sourcecode.swift; path = Condition.swift; sourceTree = "<group>"; };
		0E26D0942BF91618007D16AB /* Forecast.swift */ = {isa = PBXFileReference; lastKnownFileType = sourcecode.swift; path = Forecast.swift; sourceTree = "<group>"; };
		0E26D0962BF91642007D16AB /* ForecastDay.swift */ = {isa = PBXFileReference; lastKnownFileType = sourcecode.swift; path = ForecastDay.swift; sourceTree = "<group>"; };
		0E26D0982BF916D0007D16AB /* Day.swift */ = {isa = PBXFileReference; lastKnownFileType = sourcecode.swift; path = Day.swift; sourceTree = "<group>"; };
		0E26D09C2BF91761007D16AB /* Hour.swift */ = {isa = PBXFileReference; lastKnownFileType = sourcecode.swift; path = Hour.swift; sourceTree = "<group>"; };
		0E6391602BFA53780020135E /* MyDateFormatter.swift */ = {isa = PBXFileReference; lastKnownFileType = sourcecode.swift; path = MyDateFormatter.swift; sourceTree = "<group>"; };
		0ED32D8A2BF9460A009B0BAB /* ChakraPetch-SemiBold.ttf */ = {isa = PBXFileReference; lastKnownFileType = file; path = "ChakraPetch-SemiBold.ttf"; sourceTree = "<group>"; };
		0ED32D8B2BF9460A009B0BAB /* ChakraPetch-Light.ttf */ = {isa = PBXFileReference; lastKnownFileType = file; path = "ChakraPetch-Light.ttf"; sourceTree = "<group>"; };
		0ED32D8D2BF9460A009B0BAB /* ChakraPetch-Medium.ttf */ = {isa = PBXFileReference; lastKnownFileType = file; path = "ChakraPetch-Medium.ttf"; sourceTree = "<group>"; };
		0ED32D8E2BF9460A009B0BAB /* ChakraPetch-Bold.ttf */ = {isa = PBXFileReference; lastKnownFileType = file; path = "ChakraPetch-Bold.ttf"; sourceTree = "<group>"; };
		0ED32D8F2BF9460A009B0BAB /* ChakraPetch-Regular.ttf */ = {isa = PBXFileReference; lastKnownFileType = file; path = "ChakraPetch-Regular.ttf"; sourceTree = "<group>"; };
		0ED32D982BF94628009B0BAB /* Info.plist */ = {isa = PBXFileReference; lastKnownFileType = text.plist.xml; path = Info.plist; sourceTree = "<group>"; };
		0ED32D992BF946A0009B0BAB /* MyCustomText.swift */ = {isa = PBXFileReference; lastKnownFileType = sourcecode.swift; path = MyCustomText.swift; sourceTree = "<group>"; };
		0ED32D9C2BF9472F009B0BAB /* NetworkManager.swift */ = {isa = PBXFileReference; lastKnownFileType = sourcecode.swift; path = NetworkManager.swift; sourceTree = "<group>"; };
		0ED32D9E2BF94755009B0BAB /* URLManager.swift */ = {isa = PBXFileReference; lastKnownFileType = sourcecode.swift; path = URLManager.swift; sourceTree = "<group>"; };
		0ED32DA42BF94A30009B0BAB /* CurrentWeather.swift */ = {isa = PBXFileReference; lastKnownFileType = sourcecode.swift; path = CurrentWeather.swift; sourceTree = "<group>"; };
		0ED32DA62BF95B0A009B0BAB /* DayCell.swift */ = {isa = PBXFileReference; lastKnownFileType = sourcecode.swift; path = DayCell.swift; sourceTree = "<group>"; };
		0ED32DA82BF95CAE009B0BAB /* ThreeDaysForecastTable.swift */ = {isa = PBXFileReference; lastKnownFileType = sourcecode.swift; path = ThreeDaysForecastTable.swift; sourceTree = "<group>"; };
		0ED32DAA2BF96DA6009B0BAB /* GridItem.swift */ = {isa = PBXFileReference; lastKnownFileType = sourcecode.swift; path = GridItem.swift; sourceTree = "<group>"; };
		0ED32DAC2BF96E62009B0BAB /* GridView.swift */ = {isa = PBXFileReference; lastKnownFileType = sourcecode.swift; path = GridView.swift; sourceTree = "<group>"; };
		0ED32DAE2BF9702D009B0BAB /* HomeView.swift */ = {isa = PBXFileReference; lastKnownFileType = sourcecode.swift; path = HomeView.swift; sourceTree = "<group>"; };
		0ED32DB42BF97701009B0BAB /* HomeViewModel.swift */ = {isa = PBXFileReference; lastKnownFileType = sourcecode.swift; path = HomeViewModel.swift; sourceTree = "<group>"; };
/* End PBXFileReference section */

/* Begin PBXFrameworksBuildPhase section */
		0E1D2F322BF931EE00635EFE /* Frameworks */ = {
			isa = PBXFrameworksBuildPhase;
			buildActionMask = 2147483647;
			files = (
				0ED32DA32BF949B7009B0BAB /* Kingfisher in Frameworks */,
				0E8C19522BFC2A780059E891 /* Reachability in Frameworks */,
			);
			runOnlyForDeploymentPostprocessing = 0;
		};
		0E1D2F422BF931F000635EFE /* Frameworks */ = {
			isa = PBXFrameworksBuildPhase;
			buildActionMask = 2147483647;
			files = (
			);
			runOnlyForDeploymentPostprocessing = 0;
		};
		0E1D2F4C2BF931F000635EFE /* Frameworks */ = {
			isa = PBXFrameworksBuildPhase;
			buildActionMask = 2147483647;
			files = (
			);
			runOnlyForDeploymentPostprocessing = 0;
		};
/* End PBXFrameworksBuildPhase section */

/* Begin PBXGroup section */
		0E1D2F2C2BF931EE00635EFE = {
			isa = PBXGroup;
			children = (
				0E1D2F372BF931EE00635EFE /* WeatherDaily */,
				0E1D2F482BF931F000635EFE /* WeatherDailyTests */,
				0E1D2F522BF931F000635EFE /* WeatherDailyUITests */,
				0E1D2F362BF931EE00635EFE /* Products */,
			);
			sourceTree = "<group>";
		};
		0E1D2F362BF931EE00635EFE /* Products */ = {
			isa = PBXGroup;
			children = (
				0E1D2F352BF931EE00635EFE /* WeatherDaily.app */,
				0E1D2F452BF931F000635EFE /* WeatherDailyTests.xctest */,
				0E1D2F4F2BF931F000635EFE /* WeatherDailyUITests.xctest */,
			);
			name = Products;
			sourceTree = "<group>";
		};
		0E1D2F372BF931EE00635EFE /* WeatherDaily */ = {
			isa = PBXGroup;
			children = (
				0ED32D982BF94628009B0BAB /* Info.plist */,
				0ED32D892BF945F8009B0BAB /* Fonts */,
				0ED32D9B2BF9471A009B0BAB /* Services */,
				0E1D2F652BF9328600635EFE /* Utility */,
				0E1D2F632BF9326A00635EFE /* Models */,
				0E1D2F622BF9325500635EFE /* Modules */,
				0E1D2F382BF931EE00635EFE /* WeatherDailyApp.swift */,
				0E1D2F3A2BF931EE00635EFE /* ContentView.swift */,
				0E1D2F3C2BF931F000635EFE /* Assets.xcassets */,
				0E1D2F3E2BF931F000635EFE /* Preview Content */,
			);
			path = WeatherDaily;
			sourceTree = "<group>";
		};
		0E1D2F3E2BF931F000635EFE /* Preview Content */ = {
			isa = PBXGroup;
			children = (
				0E1D2F3F2BF931F000635EFE /* Preview Assets.xcassets */,
			);
			path = "Preview Content";
			sourceTree = "<group>";
		};
		0E1D2F482BF931F000635EFE /* WeatherDailyTests */ = {
			isa = PBXGroup;
			children = (
				0E1D2F492BF931F000635EFE /* WeatherDailyTests.swift */,
			);
			path = WeatherDailyTests;
			sourceTree = "<group>";
		};
		0E1D2F522BF931F000635EFE /* WeatherDailyUITests */ = {
			isa = PBXGroup;
			children = (
				0E1D2F532BF931F000635EFE /* WeatherDailyUITests.swift */,
				0E1D2F552BF931F000635EFE /* WeatherDailyUITestsLaunchTests.swift */,
			);
			path = WeatherDailyUITests;
			sourceTree = "<group>";
		};
		0E1D2F622BF9325500635EFE /* Modules */ = {
			isa = PBXGroup;
			children = (
				0E1D2F672BF9335400635EFE /* Details Screen */,
				0E1D2F662BF9334400635EFE /* Home Screen */,
			);
			path = Modules;
			sourceTree = "<group>";
		};
		0E1D2F632BF9326A00635EFE /* Models */ = {
			isa = PBXGroup;
			children = (
				0E26D08C2BF914A7007D16AB /* Weather.swift */,
				0E26D08E2BF914F8007D16AB /* Location.swift */,
				0E26D0902BF915AA007D16AB /* Current.swift */,
				0E26D0922BF915DC007D16AB /* Condition.swift */,
				0E26D0942BF91618007D16AB /* Forecast.swift */,
				0E26D0962BF91642007D16AB /* ForecastDay.swift */,
				0E26D0982BF916D0007D16AB /* Day.swift */,
				0E26D09C2BF91761007D16AB /* Hour.swift */,
			);
			path = Models;
			sourceTree = "<group>";
		};
		0E1D2F652BF9328600635EFE /* Utility */ = {
			isa = PBXGroup;
			children = (
				0ED32D9E2BF94755009B0BAB /* URLManager.swift */,
				0E6391602BFA53780020135E /* MyDateFormatter.swift */,
			);
			path = Utility;
			sourceTree = "<group>";
		};
		0E1D2F662BF9334400635EFE /* Home Screen */ = {
			isa = PBXGroup;
			children = (
				0ED32DB12BF976BD009B0BAB /* ViewModel */,
				0ED32DB02BF976B2009B0BAB /* View */,
			);
			path = "Home Screen";
			sourceTree = "<group>";
		};
		0E1D2F672BF9335400635EFE /* Details Screen */ = {
			isa = PBXGroup;
			children = (
				0E2407BD2BFB52F50038B211 /* View */,
			);
			path = "Details Screen";
			sourceTree = "<group>";
		};
		0E2407BD2BFB52F50038B211 /* View */ = {
			isa = PBXGroup;
			children = (
				0E2407BE2BFB530D0038B211 /* HourlyCell .swift */,
				0E2407C02BFB5CE30038B211 /* HourlyTable.swift */,
				0E2407C22BFB68FF0038B211 /* DayDetailsView.swift */,
			);
			path = View;
			sourceTree = "<group>";
		};
		0ED32D892BF945F8009B0BAB /* Fonts */ = {
			isa = PBXGroup;
			children = (
				0ED32D8E2BF9460A009B0BAB /* ChakraPetch-Bold.ttf */,
				0ED32D8B2BF9460A009B0BAB /* ChakraPetch-Light.ttf */,
				0ED32D8D2BF9460A009B0BAB /* ChakraPetch-Medium.ttf */,
				0ED32D8F2BF9460A009B0BAB /* ChakraPetch-Regular.ttf */,
				0ED32D8A2BF9460A009B0BAB /* ChakraPetch-SemiBold.ttf */,
			);
			path = Fonts;
			sourceTree = "<group>";
		};
		0ED32D9B2BF9471A009B0BAB /* Services */ = {
			isa = PBXGroup;
			children = (
				0ED32D9C2BF9472F009B0BAB /* NetworkManager.swift */,
			);
			path = Services;
			sourceTree = "<group>";
		};
		0ED32DB02BF976B2009B0BAB /* View */ = {
			isa = PBXGroup;
			children = (
				0ED32DA42BF94A30009B0BAB /* CurrentWeather.swift */,
				0ED32D992BF946A0009B0BAB /* MyCustomText.swift */,
				0ED32DA62BF95B0A009B0BAB /* DayCell.swift */,
				0ED32DA82BF95CAE009B0BAB /* ThreeDaysForecastTable.swift */,
				0ED32DAA2BF96DA6009B0BAB /* GridItem.swift */,
				0ED32DAE2BF9702D009B0BAB /* HomeView.swift */,
				0ED32DAC2BF96E62009B0BAB /* GridView.swift */,
			);
			name = View;
			sourceTree = "<group>";
		};
		0ED32DB12BF976BD009B0BAB /* ViewModel */ = {
			isa = PBXGroup;
			children = (
				0ED32DB42BF97701009B0BAB /* HomeViewModel.swift */,
			);
			name = ViewModel;
			sourceTree = "<group>";
		};
/* End PBXGroup section */

/* Begin PBXNativeTarget section */
		0E1D2F342BF931EE00635EFE /* WeatherDaily */ = {
			isa = PBXNativeTarget;
			buildConfigurationList = 0E1D2F592BF931F100635EFE /* Build configuration list for PBXNativeTarget "WeatherDaily" */;
			buildPhases = (
				0E1D2F312BF931EE00635EFE /* Sources */,
				0E1D2F322BF931EE00635EFE /* Frameworks */,
				0E1D2F332BF931EE00635EFE /* Resources */,
			);
			buildRules = (
			);
			dependencies = (
			);
			name = WeatherDaily;
			packageProductDependencies = (
				0ED32DA22BF949B7009B0BAB /* Kingfisher */,
				0E8C19512BFC2A780059E891 /* Reachability */,
			);
			productName = WeatherDaily;
			productReference = 0E1D2F352BF931EE00635EFE /* WeatherDaily.app */;
			productType = "com.apple.product-type.application";
		};
		0E1D2F442BF931F000635EFE /* WeatherDailyTests */ = {
			isa = PBXNativeTarget;
			buildConfigurationList = 0E1D2F5C2BF931F100635EFE /* Build configuration list for PBXNativeTarget "WeatherDailyTests" */;
			buildPhases = (
				0E1D2F412BF931F000635EFE /* Sources */,
				0E1D2F422BF931F000635EFE /* Frameworks */,
				0E1D2F432BF931F000635EFE /* Resources */,
			);
			buildRules = (
			);
			dependencies = (
				0E1D2F472BF931F000635EFE /* PBXTargetDependency */,
			);
			name = WeatherDailyTests;
			productName = WeatherDailyTests;
			productReference = 0E1D2F452BF931F000635EFE /* WeatherDailyTests.xctest */;
			productType = "com.apple.product-type.bundle.unit-test";
		};
		0E1D2F4E2BF931F000635EFE /* WeatherDailyUITests */ = {
			isa = PBXNativeTarget;
			buildConfigurationList = 0E1D2F5F2BF931F100635EFE /* Build configuration list for PBXNativeTarget "WeatherDailyUITests" */;
			buildPhases = (
				0E1D2F4B2BF931F000635EFE /* Sources */,
				0E1D2F4C2BF931F000635EFE /* Frameworks */,
				0E1D2F4D2BF931F000635EFE /* Resources */,
			);
			buildRules = (
			);
			dependencies = (
				0E1D2F512BF931F000635EFE /* PBXTargetDependency */,
			);
			name = WeatherDailyUITests;
			productName = WeatherDailyUITests;
			productReference = 0E1D2F4F2BF931F000635EFE /* WeatherDailyUITests.xctest */;
			productType = "com.apple.product-type.bundle.ui-testing";
		};
/* End PBXNativeTarget section */

/* Begin PBXProject section */
		0E1D2F2D2BF931EE00635EFE /* Project object */ = {
			isa = PBXProject;
			attributes = {
				BuildIndependentTargetsInParallel = 1;
				LastSwiftUpdateCheck = 1520;
				LastUpgradeCheck = 1520;
				TargetAttributes = {
					0E1D2F342BF931EE00635EFE = {
						CreatedOnToolsVersion = 15.2;
					};
					0E1D2F442BF931F000635EFE = {
						CreatedOnToolsVersion = 15.2;
						TestTargetID = 0E1D2F342BF931EE00635EFE;
					};
					0E1D2F4E2BF931F000635EFE = {
						CreatedOnToolsVersion = 15.2;
						TestTargetID = 0E1D2F342BF931EE00635EFE;
					};
				};
			};
			buildConfigurationList = 0E1D2F302BF931EE00635EFE /* Build configuration list for PBXProject "WeatherDaily" */;
			compatibilityVersion = "Xcode 14.0";
			developmentRegion = en;
			hasScannedForEncodings = 0;
			knownRegions = (
				en,
				Base,
			);
			mainGroup = 0E1D2F2C2BF931EE00635EFE;
			packageReferences = (
				0ED32DA02BF947F1009B0BAB /* XCRemoteSwiftPackageReference "Alamofire" */,
				0ED32DA12BF949B7009B0BAB /* XCRemoteSwiftPackageReference "Kingfisher" */,
				0E8C19502BFC2A780059E891 /* XCRemoteSwiftPackageReference "Reachability" */,
			);
			productRefGroup = 0E1D2F362BF931EE00635EFE /* Products */;
			projectDirPath = "";
			projectRoot = "";
			targets = (
				0E1D2F342BF931EE00635EFE /* WeatherDaily */,
				0E1D2F442BF931F000635EFE /* WeatherDailyTests */,
				0E1D2F4E2BF931F000635EFE /* WeatherDailyUITests */,
			);
		};
/* End PBXProject section */

/* Begin PBXResourcesBuildPhase section */
		0E1D2F332BF931EE00635EFE /* Resources */ = {
			isa = PBXResourcesBuildPhase;
			buildActionMask = 2147483647;
			files = (
				0ED32D962BF9460A009B0BAB /* ChakraPetch-Regular.ttf in Resources */,
				0ED32D952BF9460A009B0BAB /* ChakraPetch-Bold.ttf in Resources */,
				0ED32D922BF9460A009B0BAB /* ChakraPetch-Light.ttf in Resources */,
				0ED32D942BF9460A009B0BAB /* ChakraPetch-Medium.ttf in Resources */,
				0E1D2F402BF931F000635EFE /* Preview Assets.xcassets in Resources */,
				0ED32D912BF9460A009B0BAB /* ChakraPetch-SemiBold.ttf in Resources */,
				0E1D2F3D2BF931F000635EFE /* Assets.xcassets in Resources */,
			);
			runOnlyForDeploymentPostprocessing = 0;
		};
		0E1D2F432BF931F000635EFE /* Resources */ = {
			isa = PBXResourcesBuildPhase;
			buildActionMask = 2147483647;
			files = (
			);
			runOnlyForDeploymentPostprocessing = 0;
		};
		0E1D2F4D2BF931F000635EFE /* Resources */ = {
			isa = PBXResourcesBuildPhase;
			buildActionMask = 2147483647;
			files = (
			);
			runOnlyForDeploymentPostprocessing = 0;
		};
/* End PBXResourcesBuildPhase section */

/* Begin PBXSourcesBuildPhase section */
		0E1D2F312BF931EE00635EFE /* Sources */ = {
			isa = PBXSourcesBuildPhase;
			buildActionMask = 2147483647;
			files = (
				0ED32DAD2BF96E62009B0BAB /* GridView.swift in Sources */,
				0ED32DAB2BF96DA6009B0BAB /* GridItem.swift in Sources */,
				0E2407C32BFB68FF0038B211 /* DayDetailsView.swift in Sources */,
				0E26D0952BF91618007D16AB /* Forecast.swift in Sources */,
				0ED32DA92BF95CAE009B0BAB /* ThreeDaysForecastTable.swift in Sources */,
				0ED32DA52BF94A30009B0BAB /* CurrentWeather.swift in Sources */,
				0E26D0972BF91642007D16AB /* ForecastDay.swift in Sources */,
				0E1D2F3B2BF931EE00635EFE /* ContentView.swift in Sources */,
				0ED32D9D2BF9472F009B0BAB /* NetworkManager.swift in Sources */,
				0ED32DA72BF95B0A009B0BAB /* DayCell.swift in Sources */,
				0E26D0932BF915DC007D16AB /* Condition.swift in Sources */,
				0E26D0912BF915AA007D16AB /* Current.swift in Sources */,
				0E26D0992BF916D0007D16AB /* Day.swift in Sources */,
				0ED32DAF2BF9702D009B0BAB /* HomeView.swift in Sources */,
				0ED32D9A2BF946A0009B0BAB /* MyCustomText.swift in Sources */,
				0E2407C12BFB5CE30038B211 /* HourlyTable.swift in Sources */,
				0E26D08D2BF914A7007D16AB /* Weather.swift in Sources */,
				0ED32DB52BF97701009B0BAB /* HomeViewModel.swift in Sources */,
				0E26D08F2BF914F8007D16AB /* Location.swift in Sources */,
				0E1D2F392BF931EE00635EFE /* WeatherDailyApp.swift in Sources */,
				0E2407BF2BFB530D0038B211 /* HourlyCell .swift in Sources */,
				0E26D09D2BF91761007D16AB /* Hour.swift in Sources */,
				0E6391612BFA53780020135E /* MyDateFormatter.swift in Sources */,
				0ED32D9F2BF94755009B0BAB /* URLManager.swift in Sources */,
			);
			runOnlyForDeploymentPostprocessing = 0;
		};
		0E1D2F412BF931F000635EFE /* Sources */ = {
			isa = PBXSourcesBuildPhase;
			buildActionMask = 2147483647;
			files = (
				0E1D2F4A2BF931F000635EFE /* WeatherDailyTests.swift in Sources */,
			);
			runOnlyForDeploymentPostprocessing = 0;
		};
		0E1D2F4B2BF931F000635EFE /* Sources */ = {
			isa = PBXSourcesBuildPhase;
			buildActionMask = 2147483647;
			files = (
				0E1D2F542BF931F000635EFE /* WeatherDailyUITests.swift in Sources */,
				0E1D2F562BF931F100635EFE /* WeatherDailyUITestsLaunchTests.swift in Sources */,
			);
			runOnlyForDeploymentPostprocessing = 0;
		};
/* End PBXSourcesBuildPhase section */

/* Begin PBXTargetDependency section */
		0E1D2F472BF931F000635EFE /* PBXTargetDependency */ = {
			isa = PBXTargetDependency;
			target = 0E1D2F342BF931EE00635EFE /* WeatherDaily */;
			targetProxy = 0E1D2F462BF931F000635EFE /* PBXContainerItemProxy */;
		};
		0E1D2F512BF931F000635EFE /* PBXTargetDependency */ = {
			isa = PBXTargetDependency;
			target = 0E1D2F342BF931EE00635EFE /* WeatherDaily */;
			targetProxy = 0E1D2F502BF931F000635EFE /* PBXContainerItemProxy */;
		};
/* End PBXTargetDependency section */

/* Begin XCBuildConfiguration section */
		0E1D2F572BF931F100635EFE /* Debug */ = {
			isa = XCBuildConfiguration;
			buildSettings = {
				ALWAYS_SEARCH_USER_PATHS = NO;
				ASSETCATALOG_COMPILER_GENERATE_SWIFT_ASSET_SYMBOL_EXTENSIONS = YES;
				CLANG_ANALYZER_NONNULL = YES;
				CLANG_ANALYZER_NUMBER_OBJECT_CONVERSION = YES_AGGRESSIVE;
				CLANG_CXX_LANGUAGE_STANDARD = "gnu++20";
				CLANG_ENABLE_MODULES = YES;
				CLANG_ENABLE_OBJC_ARC = YES;
				CLANG_ENABLE_OBJC_WEAK = YES;
				CLANG_WARN_BLOCK_CAPTURE_AUTORELEASING = YES;
				CLANG_WARN_BOOL_CONVERSION = YES;
				CLANG_WARN_COMMA = YES;
				CLANG_WARN_CONSTANT_CONVERSION = YES;
				CLANG_WARN_DEPRECATED_OBJC_IMPLEMENTATIONS = YES;
				CLANG_WARN_DIRECT_OBJC_ISA_USAGE = YES_ERROR;
				CLANG_WARN_DOCUMENTATION_COMMENTS = YES;
				CLANG_WARN_EMPTY_BODY = YES;
				CLANG_WARN_ENUM_CONVERSION = YES;
				CLANG_WARN_INFINITE_RECURSION = YES;
				CLANG_WARN_INT_CONVERSION = YES;
				CLANG_WARN_NON_LITERAL_NULL_CONVERSION = YES;
				CLANG_WARN_OBJC_IMPLICIT_RETAIN_SELF = YES;
				CLANG_WARN_OBJC_LITERAL_CONVERSION = YES;
				CLANG_WARN_OBJC_ROOT_CLASS = YES_ERROR;
				CLANG_WARN_QUOTED_INCLUDE_IN_FRAMEWORK_HEADER = YES;
				CLANG_WARN_RANGE_LOOP_ANALYSIS = YES;
				CLANG_WARN_STRICT_PROTOTYPES = YES;
				CLANG_WARN_SUSPICIOUS_MOVE = YES;
				CLANG_WARN_UNGUARDED_AVAILABILITY = YES_AGGRESSIVE;
				CLANG_WARN_UNREACHABLE_CODE = YES;
				CLANG_WARN__DUPLICATE_METHOD_MATCH = YES;
				COPY_PHASE_STRIP = NO;
				DEBUG_INFORMATION_FORMAT = dwarf;
				ENABLE_STRICT_OBJC_MSGSEND = YES;
				ENABLE_TESTABILITY = YES;
				ENABLE_USER_SCRIPT_SANDBOXING = YES;
				GCC_C_LANGUAGE_STANDARD = gnu17;
				GCC_DYNAMIC_NO_PIC = NO;
				GCC_NO_COMMON_BLOCKS = YES;
				GCC_OPTIMIZATION_LEVEL = 0;
				GCC_PREPROCESSOR_DEFINITIONS = (
					"DEBUG=1",
					"$(inherited)",
				);
				GCC_WARN_64_TO_32_BIT_CONVERSION = YES;
				GCC_WARN_ABOUT_RETURN_TYPE = YES_ERROR;
				GCC_WARN_UNDECLARED_SELECTOR = YES;
				GCC_WARN_UNINITIALIZED_AUTOS = YES_AGGRESSIVE;
				GCC_WARN_UNUSED_FUNCTION = YES;
				GCC_WARN_UNUSED_VARIABLE = YES;
				IPHONEOS_DEPLOYMENT_TARGET = 17.2;
				LOCALIZATION_PREFERS_STRING_CATALOGS = YES;
				MTL_ENABLE_DEBUG_INFO = INCLUDE_SOURCE;
				MTL_FAST_MATH = YES;
				ONLY_ACTIVE_ARCH = YES;
				SDKROOT = iphoneos;
				SWIFT_ACTIVE_COMPILATION_CONDITIONS = "DEBUG $(inherited)";
				SWIFT_OPTIMIZATION_LEVEL = "-Onone";
			};
			name = Debug;
		};
		0E1D2F582BF931F100635EFE /* Release */ = {
			isa = XCBuildConfiguration;
			buildSettings = {
				ALWAYS_SEARCH_USER_PATHS = NO;
				ASSETCATALOG_COMPILER_GENERATE_SWIFT_ASSET_SYMBOL_EXTENSIONS = YES;
				CLANG_ANALYZER_NONNULL = YES;
				CLANG_ANALYZER_NUMBER_OBJECT_CONVERSION = YES_AGGRESSIVE;
				CLANG_CXX_LANGUAGE_STANDARD = "gnu++20";
				CLANG_ENABLE_MODULES = YES;
				CLANG_ENABLE_OBJC_ARC = YES;
				CLANG_ENABLE_OBJC_WEAK = YES;
				CLANG_WARN_BLOCK_CAPTURE_AUTORELEASING = YES;
				CLANG_WARN_BOOL_CONVERSION = YES;
				CLANG_WARN_COMMA = YES;
				CLANG_WARN_CONSTANT_CONVERSION = YES;
				CLANG_WARN_DEPRECATED_OBJC_IMPLEMENTATIONS = YES;
				CLANG_WARN_DIRECT_OBJC_ISA_USAGE = YES_ERROR;
				CLANG_WARN_DOCUMENTATION_COMMENTS = YES;
				CLANG_WARN_EMPTY_BODY = YES;
				CLANG_WARN_ENUM_CONVERSION = YES;
				CLANG_WARN_INFINITE_RECURSION = YES;
				CLANG_WARN_INT_CONVERSION = YES;
				CLANG_WARN_NON_LITERAL_NULL_CONVERSION = YES;
				CLANG_WARN_OBJC_IMPLICIT_RETAIN_SELF = YES;
				CLANG_WARN_OBJC_LITERAL_CONVERSION = YES;
				CLANG_WARN_OBJC_ROOT_CLASS = YES_ERROR;
				CLANG_WARN_QUOTED_INCLUDE_IN_FRAMEWORK_HEADER = YES;
				CLANG_WARN_RANGE_LOOP_ANALYSIS = YES;
				CLANG_WARN_STRICT_PROTOTYPES = YES;
				CLANG_WARN_SUSPICIOUS_MOVE = YES;
				CLANG_WARN_UNGUARDED_AVAILABILITY = YES_AGGRESSIVE;
				CLANG_WARN_UNREACHABLE_CODE = YES;
				CLANG_WARN__DUPLICATE_METHOD_MATCH = YES;
				COPY_PHASE_STRIP = NO;
				DEBUG_INFORMATION_FORMAT = "dwarf-with-dsym";
				ENABLE_NS_ASSERTIONS = NO;
				ENABLE_STRICT_OBJC_MSGSEND = YES;
				ENABLE_USER_SCRIPT_SANDBOXING = YES;
				GCC_C_LANGUAGE_STANDARD = gnu17;
				GCC_NO_COMMON_BLOCKS = YES;
				GCC_WARN_64_TO_32_BIT_CONVERSION = YES;
				GCC_WARN_ABOUT_RETURN_TYPE = YES_ERROR;
				GCC_WARN_UNDECLARED_SELECTOR = YES;
				GCC_WARN_UNINITIALIZED_AUTOS = YES_AGGRESSIVE;
				GCC_WARN_UNUSED_FUNCTION = YES;
				GCC_WARN_UNUSED_VARIABLE = YES;
				IPHONEOS_DEPLOYMENT_TARGET = 17.2;
				LOCALIZATION_PREFERS_STRING_CATALOGS = YES;
				MTL_ENABLE_DEBUG_INFO = NO;
				MTL_FAST_MATH = YES;
				SDKROOT = iphoneos;
				SWIFT_COMPILATION_MODE = wholemodule;
				VALIDATE_PRODUCT = YES;
			};
			name = Release;
		};
		0E1D2F5A2BF931F100635EFE /* Debug */ = {
			isa = XCBuildConfiguration;
			buildSettings = {
				ASSETCATALOG_COMPILER_APPICON_NAME = AppIcon;
				ASSETCATALOG_COMPILER_GLOBAL_ACCENT_COLOR_NAME = AccentColor;
				CODE_SIGN_STYLE = Automatic;
				CURRENT_PROJECT_VERSION = 1;
				DEVELOPMENT_ASSET_PATHS = "\"WeatherDaily/Preview Content\"";
				ENABLE_PREVIEWS = YES;
				GENERATE_INFOPLIST_FILE = YES;
				INFOPLIST_FILE = WeatherDaily/Info.plist;
				INFOPLIST_KEY_UIApplicationSceneManifest_Generation = YES;
				INFOPLIST_KEY_UIApplicationSupportsIndirectInputEvents = YES;
				INFOPLIST_KEY_UILaunchScreen_Generation = YES;
				INFOPLIST_KEY_UISupportedInterfaceOrientations_iPad = "UIInterfaceOrientationPortrait UIInterfaceOrientationPortraitUpsideDown UIInterfaceOrientationLandscapeLeft UIInterfaceOrientationLandscapeRight";
				INFOPLIST_KEY_UISupportedInterfaceOrientations_iPhone = "UIInterfaceOrientationPortrait UIInterfaceOrientationLandscapeLeft UIInterfaceOrientationLandscapeRight";
				LD_RUNPATH_SEARCH_PATHS = (
					"$(inherited)",
					"@executable_path/Frameworks",
				);
				MARKETING_VERSION = 1.0;
				PRODUCT_BUNDLE_IDENTIFIER = iti.WeatherDaily;
				PRODUCT_NAME = "$(TARGET_NAME)";
				SWIFT_EMIT_LOC_STRINGS = YES;
				SWIFT_VERSION = 5.0;
				TARGETED_DEVICE_FAMILY = "1,2";
			};
			name = Debug;
		};
		0E1D2F5B2BF931F100635EFE /* Release */ = {
			isa = XCBuildConfiguration;
			buildSettings = {
				ASSETCATALOG_COMPILER_APPICON_NAME = AppIcon;
				ASSETCATALOG_COMPILER_GLOBAL_ACCENT_COLOR_NAME = AccentColor;
				CODE_SIGN_STYLE = Automatic;
				CURRENT_PROJECT_VERSION = 1;
				DEVELOPMENT_ASSET_PATHS = "\"WeatherDaily/Preview Content\"";
				ENABLE_PREVIEWS = YES;
				GENERATE_INFOPLIST_FILE = YES;
				INFOPLIST_FILE = WeatherDaily/Info.plist;
				INFOPLIST_KEY_UIApplicationSceneManifest_Generation = YES;
				INFOPLIST_KEY_UIApplicationSupportsIndirectInputEvents = YES;
				INFOPLIST_KEY_UILaunchScreen_Generation = YES;
				INFOPLIST_KEY_UISupportedInterfaceOrientations_iPad = "UIInterfaceOrientationPortrait UIInterfaceOrientationPortraitUpsideDown UIInterfaceOrientationLandscapeLeft UIInterfaceOrientationLandscapeRight";
				INFOPLIST_KEY_UISupportedInterfaceOrientations_iPhone = "UIInterfaceOrientationPortrait UIInterfaceOrientationLandscapeLeft UIInterfaceOrientationLandscapeRight";
				LD_RUNPATH_SEARCH_PATHS = (
					"$(inherited)",
					"@executable_path/Frameworks",
				);
				MARKETING_VERSION = 1.0;
				PRODUCT_BUNDLE_IDENTIFIER = iti.WeatherDaily;
				PRODUCT_NAME = "$(TARGET_NAME)";
				SWIFT_EMIT_LOC_STRINGS = YES;
				SWIFT_VERSION = 5.0;
				TARGETED_DEVICE_FAMILY = "1,2";
			};
			name = Release;
		};
		0E1D2F5D2BF931F100635EFE /* Debug */ = {
			isa = XCBuildConfiguration;
			buildSettings = {
				ALWAYS_EMBED_SWIFT_STANDARD_LIBRARIES = YES;
				BUNDLE_LOADER = "$(TEST_HOST)";
				CODE_SIGN_STYLE = Automatic;
				CURRENT_PROJECT_VERSION = 1;
				GENERATE_INFOPLIST_FILE = YES;
				IPHONEOS_DEPLOYMENT_TARGET = 17.2;
				MARKETING_VERSION = 1.0;
				PRODUCT_BUNDLE_IDENTIFIER = iti.WeatherDailyTests;
				PRODUCT_NAME = "$(TARGET_NAME)";
				SWIFT_EMIT_LOC_STRINGS = NO;
				SWIFT_VERSION = 5.0;
				TARGETED_DEVICE_FAMILY = "1,2";
				TEST_HOST = "$(BUILT_PRODUCTS_DIR)/WeatherDaily.app/$(BUNDLE_EXECUTABLE_FOLDER_PATH)/WeatherDaily";
			};
			name = Debug;
		};
		0E1D2F5E2BF931F100635EFE /* Release */ = {
			isa = XCBuildConfiguration;
			buildSettings = {
				ALWAYS_EMBED_SWIFT_STANDARD_LIBRARIES = YES;
				BUNDLE_LOADER = "$(TEST_HOST)";
				CODE_SIGN_STYLE = Automatic;
				CURRENT_PROJECT_VERSION = 1;
				GENERATE_INFOPLIST_FILE = YES;
				IPHONEOS_DEPLOYMENT_TARGET = 17.2;
				MARKETING_VERSION = 1.0;
				PRODUCT_BUNDLE_IDENTIFIER = iti.WeatherDailyTests;
				PRODUCT_NAME = "$(TARGET_NAME)";
				SWIFT_EMIT_LOC_STRINGS = NO;
				SWIFT_VERSION = 5.0;
				TARGETED_DEVICE_FAMILY = "1,2";
				TEST_HOST = "$(BUILT_PRODUCTS_DIR)/WeatherDaily.app/$(BUNDLE_EXECUTABLE_FOLDER_PATH)/WeatherDaily";
			};
			name = Release;
		};
		0E1D2F602BF931F100635EFE /* Debug */ = {
			isa = XCBuildConfiguration;
			buildSettings = {
				ALWAYS_EMBED_SWIFT_STANDARD_LIBRARIES = YES;
				CODE_SIGN_STYLE = Automatic;
				CURRENT_PROJECT_VERSION = 1;
				GENERATE_INFOPLIST_FILE = YES;
				MARKETING_VERSION = 1.0;
				PRODUCT_BUNDLE_IDENTIFIER = iti.WeatherDailyUITests;
				PRODUCT_NAME = "$(TARGET_NAME)";
				SWIFT_EMIT_LOC_STRINGS = NO;
				SWIFT_VERSION = 5.0;
				TARGETED_DEVICE_FAMILY = "1,2";
				TEST_TARGET_NAME = WeatherDaily;
			};
			name = Debug;
		};
		0E1D2F612BF931F100635EFE /* Release */ = {
			isa = XCBuildConfiguration;
			buildSettings = {
				ALWAYS_EMBED_SWIFT_STANDARD_LIBRARIES = YES;
				CODE_SIGN_STYLE = Automatic;
				CURRENT_PROJECT_VERSION = 1;
				GENERATE_INFOPLIST_FILE = YES;
				MARKETING_VERSION = 1.0;
				PRODUCT_BUNDLE_IDENTIFIER = iti.WeatherDailyUITests;
				PRODUCT_NAME = "$(TARGET_NAME)";
				SWIFT_EMIT_LOC_STRINGS = NO;
				SWIFT_VERSION = 5.0;
				TARGETED_DEVICE_FAMILY = "1,2";
				TEST_TARGET_NAME = WeatherDaily;
			};
			name = Release;
		};
/* End XCBuildConfiguration section */

/* Begin XCConfigurationList section */
		0E1D2F302BF931EE00635EFE /* Build configuration list for PBXProject "WeatherDaily" */ = {
			isa = XCConfigurationList;
			buildConfigurations = (
				0E1D2F572BF931F100635EFE /* Debug */,
				0E1D2F582BF931F100635EFE /* Release */,
			);
			defaultConfigurationIsVisible = 0;
			defaultConfigurationName = Release;
		};
		0E1D2F592BF931F100635EFE /* Build configuration list for PBXNativeTarget "WeatherDaily" */ = {
			isa = XCConfigurationList;
			buildConfigurations = (
				0E1D2F5A2BF931F100635EFE /* Debug */,
				0E1D2F5B2BF931F100635EFE /* Release */,
			);
			defaultConfigurationIsVisible = 0;
			defaultConfigurationName = Release;
		};
		0E1D2F5C2BF931F100635EFE /* Build configuration list for PBXNativeTarget "WeatherDailyTests" */ = {
			isa = XCConfigurationList;
			buildConfigurations = (
				0E1D2F5D2BF931F100635EFE /* Debug */,
				0E1D2F5E2BF931F100635EFE /* Release */,
			);
			defaultConfigurationIsVisible = 0;
			defaultConfigurationName = Release;
		};
		0E1D2F5F2BF931F100635EFE /* Build configuration list for PBXNativeTarget "WeatherDailyUITests" */ = {
			isa = XCConfigurationList;
			buildConfigurations = (
				0E1D2F602BF931F100635EFE /* Debug */,
				0E1D2F612BF931F100635EFE /* Release */,
			);
			defaultConfigurationIsVisible = 0;
			defaultConfigurationName = Release;
		};
/* End XCConfigurationList section */

/* Begin XCRemoteSwiftPackageReference section */
		0E8C19502BFC2A780059E891 /* XCRemoteSwiftPackageReference "Reachability" */ = {
			isa = XCRemoteSwiftPackageReference;
			repositoryURL = "https://github.com/ashleymills/Reachability.swift";
			requirement = {
				branch = master;
				kind = branch;
			};
		};
		0ED32DA02BF947F1009B0BAB /* XCRemoteSwiftPackageReference "Alamofire" */ = {
			isa = XCRemoteSwiftPackageReference;
			repositoryURL = "https://github.com/Alamofire/Alamofire.git";
			requirement = {
				kind = upToNextMajorVersion;
				minimumVersion = 5.9.1;
			};
		};
		0ED32DA12BF949B7009B0BAB /* XCRemoteSwiftPackageReference "Kingfisher" */ = {
			isa = XCRemoteSwiftPackageReference;
			repositoryURL = "https://github.com/onevcat/Kingfisher.git";
			requirement = {
				kind = upToNextMajorVersion;
				minimumVersion = 7.11.0;
			};
		};
/* End XCRemoteSwiftPackageReference section */

/* Begin XCSwiftPackageProductDependency section */
		0E8C19512BFC2A780059E891 /* Reachability */ = {
			isa = XCSwiftPackageProductDependency;
			package = 0E8C19502BFC2A780059E891 /* XCRemoteSwiftPackageReference "Reachability" */;
			productName = Reachability;
		};
		0ED32DA22BF949B7009B0BAB /* Kingfisher */ = {
			isa = XCSwiftPackageProductDependency;
			package = 0ED32DA12BF949B7009B0BAB /* XCRemoteSwiftPackageReference "Kingfisher" */;
			productName = Kingfisher;
		};
/* End XCSwiftPackageProductDependency section */
	};
	rootObject = 0E1D2F2D2BF931EE00635EFE /* Project object */;
}
